
Microsoft Visual Studio Solution File, Format Version 12.00
# Visual Studio Version 16
VisualStudioVersion = 16.0.30503.244
MinimumVisualStudioVersion = 10.0.40219.1
Project("{FAE04EC0-301F-11D3-BF4B-00C04F79EFBC}") = "MyFuncationAPp", "MyFuncationAPp.csproj", "{F2E45C54-C1C9-4EE6-90A3-EDD3CA5B4411}"
EndProject
Global
	GlobalSection(SolutionConfigurationPlatforms) = preSolution
		Debug|Any CPU = Debug|Any CPU
		Release|Any CPU = Release|Any CPU
	EndGlobalSection
	GlobalSection(ProjectConfigurationPlatforms) = postSolution
		{F2E45C54-C1C9-4EE6-90A3-EDD3CA5B4411}.Debug|Any CPU.ActiveCfg = Debug|Any CPU
		{F2E45C54-C1C9-4EE6-90A3-EDD3CA5B4411}.Debug|Any CPU.Build.0 = Debug|Any CPU
		{F2E45C54-C1C9-4EE6-90A3-EDD3CA5B4411}.Release|Any CPU.ActiveCfg = Release|Any CPU
		{F2E45C54-C1C9-4EE6-90A3-EDD3CA5B4411}.Release|Any CPU.Build.0 = Release|Any CPU
	EndGlobalSection
	GlobalSection(SolutionProperties) = preSolution
		HideSolutionNode = FALSE
	EndGlobalSection
	GlobalSection(ExtensibilityGlobals) = postSolution
		SolutionGuid = {D114007A-572B-42ED-8B1F-CB2D6F2FC823}
	EndGlobalSection
EndGlobal
